
Microsoft Visual Studio Solution File, Format Version 12.00
# Visual Studio 15
VisualStudioVersion = 15.0.26124.0
MinimumVisualStudioVersion = 15.0.26124.0
Project("{2150E333-8FDC-42A3-9474-1A3956D46DE8}") = "1 - WebApi", "1 - WebApi", "{0E2CF18B-8F57-4194-9E56-853CFBD5DACB}"
EndProject
Project("{FAE04EC0-301F-11D3-BF4B-00C04F79EFBC}") = "Cipa.WebApi", "1 - WebApi\Cipa.WebApi\Cipa.WebApi.csproj", "{ABC66A0E-2A49-4FDD-9AF9-0B6F4F692377}"
EndProject
Project("{2150E333-8FDC-42A3-9474-1A3956D46DE8}") = "2 - Application", "2 - Application", "{417470D6-8630-47B9-B0A0-BD851FD42763}"
EndProject
Project("{FAE04EC0-301F-11D3-BF4B-00C04F79EFBC}") = "Cipa.Application", "2 - Application\Cipa.Application\Cipa.Application.csproj", "{2EA24358-5E63-475A-839A-AAA63EA9C1D6}"
EndProject
Project("{2150E333-8FDC-42A3-9474-1A3956D46DE8}") = "3 - Domain", "3 - Domain", "{F88D1F78-689E-453A-97E6-ADCD575F4A19}"
EndProject
Project("{FAE04EC0-301F-11D3-BF4B-00C04F79EFBC}") = "Cipa.Domain", "3 - Domain\Cipa.Domain\Cipa.Domain.csproj", "{86EBB57A-8D45-4680-BE33-B17520457B73}"
EndProject
Project("{FAE04EC0-301F-11D3-BF4B-00C04F79EFBC}") = "Cipa.Domain.Test", "3 - Domain\Cipa.Domain.Test\Cipa.Domain.Test.csproj", "{F4386113-182C-49C2-A549-CBDDE65C4A98}"
EndProject
Project("{2150E333-8FDC-42A3-9474-1A3956D46DE8}") = "4 - Infra", "4 - Infra", "{6BBDB614-8A29-4575-B090-3FB8AC75DA96}"
EndProject
Project("{FAE04EC0-301F-11D3-BF4B-00C04F79EFBC}") = "Cipa.Infra.Data", "4 - Infra\Cipa.Infra.Data\Cipa.Infra.Data.csproj", "{40FFEA93-879D-434C-A271-97FB6FF91067}"
EndProject
Global
	GlobalSection(SolutionConfigurationPlatforms) = preSolution
		Debug|Any CPU = Debug|Any CPU
		Debug|x64 = Debug|x64
		Debug|x86 = Debug|x86
		Release|Any CPU = Release|Any CPU
		Release|x64 = Release|x64
		Release|x86 = Release|x86
	EndGlobalSection
	GlobalSection(SolutionProperties) = preSolution
		HideSolutionNode = FALSE
	EndGlobalSection
	GlobalSection(ProjectConfigurationPlatforms) = postSolution
		{ABC66A0E-2A49-4FDD-9AF9-0B6F4F692377}.Debug|Any CPU.ActiveCfg = Debug|Any CPU
		{ABC66A0E-2A49-4FDD-9AF9-0B6F4F692377}.Debug|Any CPU.Build.0 = Debug|Any CPU
		{ABC66A0E-2A49-4FDD-9AF9-0B6F4F692377}.Debug|x64.ActiveCfg = Debug|Any CPU
		{ABC66A0E-2A49-4FDD-9AF9-0B6F4F692377}.Debug|x64.Build.0 = Debug|Any CPU
		{ABC66A0E-2A49-4FDD-9AF9-0B6F4F692377}.Debug|x86.ActiveCfg = Debug|Any CPU
		{ABC66A0E-2A49-4FDD-9AF9-0B6F4F692377}.Debug|x86.Build.0 = Debug|Any CPU
		{ABC66A0E-2A49-4FDD-9AF9-0B6F4F692377}.Release|Any CPU.ActiveCfg = Release|Any CPU
		{ABC66A0E-2A49-4FDD-9AF9-0B6F4F692377}.Release|Any CPU.Build.0 = Release|Any CPU
		{ABC66A0E-2A49-4FDD-9AF9-0B6F4F692377}.Release|x64.ActiveCfg = Release|Any CPU
		{ABC66A0E-2A49-4FDD-9AF9-0B6F4F692377}.Release|x64.Build.0 = Release|Any CPU
		{ABC66A0E-2A49-4FDD-9AF9-0B6F4F692377}.Release|x86.ActiveCfg = Release|Any CPU
		{ABC66A0E-2A49-4FDD-9AF9-0B6F4F692377}.Release|x86.Build.0 = Release|Any CPU
		{2EA24358-5E63-475A-839A-AAA63EA9C1D6}.Debug|Any CPU.ActiveCfg = Debug|Any CPU
		{2EA24358-5E63-475A-839A-AAA63EA9C1D6}.Debug|Any CPU.Build.0 = Debug|Any CPU
		{2EA24358-5E63-475A-839A-AAA63EA9C1D6}.Debug|x64.ActiveCfg = Debug|Any CPU
		{2EA24358-5E63-475A-839A-AAA63EA9C1D6}.Debug|x64.Build.0 = Debug|Any CPU
		{2EA24358-5E63-475A-839A-AAA63EA9C1D6}.Debug|x86.ActiveCfg = Debug|Any CPU
		{2EA24358-5E63-475A-839A-AAA63EA9C1D6}.Debug|x86.Build.0 = Debug|Any CPU
		{2EA24358-5E63-475A-839A-AAA63EA9C1D6}.Release|Any CPU.ActiveCfg = Release|Any CPU
		{2EA24358-5E63-475A-839A-AAA63EA9C1D6}.Release|Any CPU.Build.0 = Release|Any CPU
		{2EA24358-5E63-475A-839A-AAA63EA9C1D6}.Release|x64.ActiveCfg = Release|Any CPU
		{2EA24358-5E63-475A-839A-AAA63EA9C1D6}.Release|x64.Build.0 = Release|Any CPU
		{2EA24358-5E63-475A-839A-AAA63EA9C1D6}.Release|x86.ActiveCfg = Release|Any CPU
		{2EA24358-5E63-475A-839A-AAA63EA9C1D6}.Release|x86.Build.0 = Release|Any CPU
		{86EBB57A-8D45-4680-BE33-B17520457B73}.Debug|Any CPU.ActiveCfg = Debug|Any CPU
		{86EBB57A-8D45-4680-BE33-B17520457B73}.Debug|Any CPU.Build.0 = Debug|Any CPU
		{86EBB57A-8D45-4680-BE33-B17520457B73}.Debug|x64.ActiveCfg = Debug|Any CPU
		{86EBB57A-8D45-4680-BE33-B17520457B73}.Debug|x64.Build.0 = Debug|Any CPU
		{86EBB57A-8D45-4680-BE33-B17520457B73}.Debug|x86.ActiveCfg = Debug|Any CPU
		{86EBB57A-8D45-4680-BE33-B17520457B73}.Debug|x86.Build.0 = Debug|Any CPU
		{86EBB57A-8D45-4680-BE33-B17520457B73}.Release|Any CPU.ActiveCfg = Release|Any CPU
		{86EBB57A-8D45-4680-BE33-B17520457B73}.Release|Any CPU.Build.0 = Release|Any CPU
		{86EBB57A-8D45-4680-BE33-B17520457B73}.Release|x64.ActiveCfg = Release|Any CPU
		{86EBB57A-8D45-4680-BE33-B17520457B73}.Release|x64.Build.0 = Release|Any CPU
		{86EBB57A-8D45-4680-BE33-B17520457B73}.Release|x86.ActiveCfg = Release|Any CPU
		{86EBB57A-8D45-4680-BE33-B17520457B73}.Release|x86.Build.0 = Release|Any CPU
		{F4386113-182C-49C2-A549-CBDDE65C4A98}.Debug|Any CPU.ActiveCfg = Debug|Any CPU
		{F4386113-182C-49C2-A549-CBDDE65C4A98}.Debug|Any CPU.Build.0 = Debug|Any CPU
		{F4386113-182C-49C2-A549-CBDDE65C4A98}.Debug|x64.ActiveCfg = Debug|Any CPU
		{F4386113-182C-49C2-A549-CBDDE65C4A98}.Debug|x64.Build.0 = Debug|Any CPU
		{F4386113-182C-49C2-A549-CBDDE65C4A98}.Debug|x86.ActiveCfg = Debug|Any CPU
		{F4386113-182C-49C2-A549-CBDDE65C4A98}.Debug|x86.Build.0 = Debug|Any CPU
		{F4386113-182C-49C2-A549-CBDDE65C4A98}.Release|Any CPU.ActiveCfg = Release|Any CPU
		{F4386113-182C-49C2-A549-CBDDE65C4A98}.Release|Any CPU.Build.0 = Release|Any CPU
		{F4386113-182C-49C2-A549-CBDDE65C4A98}.Release|x64.ActiveCfg = Release|Any CPU
		{F4386113-182C-49C2-A549-CBDDE65C4A98}.Release|x64.Build.0 = Release|Any CPU
		{F4386113-182C-49C2-A549-CBDDE65C4A98}.Release|x86.ActiveCfg = Release|Any CPU
		{F4386113-182C-49C2-A549-CBDDE65C4A98}.Release|x86.Build.0 = Release|Any CPU
		{40FFEA93-879D-434C-A271-97FB6FF91067}.Debug|Any CPU.ActiveCfg = Debug|Any CPU
		{40FFEA93-879D-434C-A271-97FB6FF91067}.Debug|Any CPU.Build.0 = Debug|Any CPU
		{40FFEA93-879D-434C-A271-97FB6FF91067}.Debug|x64.ActiveCfg = Debug|Any CPU
		{40FFEA93-879D-434C-A271-97FB6FF91067}.Debug|x64.Build.0 = Debug|Any CPU
		{40FFEA93-879D-434C-A271-97FB6FF91067}.Debug|x86.ActiveCfg = Debug|Any CPU
		{40FFEA93-879D-434C-A271-97FB6FF91067}.Debug|x86.Build.0 = Debug|Any CPU
		{40FFEA93-879D-434C-A271-97FB6FF91067}.Release|Any CPU.ActiveCfg = Release|Any CPU
		{40FFEA93-879D-434C-A271-97FB6FF91067}.Release|Any CPU.Build.0 = Release|Any CPU
		{40FFEA93-879D-434C-A271-97FB6FF91067}.Release|x64.ActiveCfg = Release|Any CPU
		{40FFEA93-879D-434C-A271-97FB6FF91067}.Release|x64.Build.0 = Release|Any CPU
		{40FFEA93-879D-434C-A271-97FB6FF91067}.Release|x86.ActiveCfg = Release|Any CPU
		{40FFEA93-879D-434C-A271-97FB6FF91067}.Release|x86.Build.0 = Release|Any CPU
	EndGlobalSection
	GlobalSection(NestedProjects) = preSolution
		{ABC66A0E-2A49-4FDD-9AF9-0B6F4F692377} = {0E2CF18B-8F57-4194-9E56-853CFBD5DACB}
		{2EA24358-5E63-475A-839A-AAA63EA9C1D6} = {417470D6-8630-47B9-B0A0-BD851FD42763}
		{86EBB57A-8D45-4680-BE33-B17520457B73} = {F88D1F78-689E-453A-97E6-ADCD575F4A19}
		{F4386113-182C-49C2-A549-CBDDE65C4A98} = {F88D1F78-689E-453A-97E6-ADCD575F4A19}
		{40FFEA93-879D-434C-A271-97FB6FF91067} = {6BBDB614-8A29-4575-B090-3FB8AC75DA96}
	EndGlobalSection
EndGlobal
