
Microsoft Visual Studio Solution File, Format Version 12.00
# Visual Studio 15
VisualStudioVersion = 15.0.26124.0
MinimumVisualStudioVersion = 15.0.26124.0
Project("{2150E333-8FDC-42A3-9474-1A3956D46DE8}") = "0 - WebApi", "0 - WebApi", "{1F9E55E0-C085-4549-929F-676363EC4BAA}"
EndProject
Project("{FAE04EC0-301F-11D3-BF4B-00C04F79EFBC}") = "Cipa.WebApi", "0 - WebApi\Cipa.WebApi\Cipa.WebApi.csproj", "{0C53F09A-D6BE-4899-88F4-8D5DCE7E9984}"
EndProject
Project("{2150E333-8FDC-42A3-9474-1A3956D46DE8}") = "2 - Application", "2 - Application", "{656F3822-C0CB-44F4-B67C-59555902B1E4}"
EndProject
Project("{FAE04EC0-301F-11D3-BF4B-00C04F79EFBC}") = "Cipa.Application", "2 - Application\Cipa.Application\Cipa.Application.csproj", "{FF84A133-DCAA-453D-A11B-F30D5BBC184D}"
EndProject
Project("{2150E333-8FDC-42A3-9474-1A3956D46DE8}") = "3 - Domain", "3 - Domain", "{2FE11569-E19A-4A6E-A302-158C042B3F41}"
EndProject
Project("{FAE04EC0-301F-11D3-BF4B-00C04F79EFBC}") = "Cipa.Domain", "3 - Domain\Cipa.Domain\Cipa.Domain.csproj", "{842472C0-2FB7-4CD8-A7AB-87A7939F1134}"
EndProject
Project("{2150E333-8FDC-42A3-9474-1A3956D46DE8}") = "4 - Infra", "4 - Infra", "{90479AF8-0458-479B-9BD3-9B240C9EE0D1}"
EndProject
Project("{2150E333-8FDC-42A3-9474-1A3956D46DE8}") = "4.2 - Data", "4.2 - Data", "{0EFA672B-4583-4A66-8284-A523C5CB7B89}"
EndProject
Project("{FAE04EC0-301F-11D3-BF4B-00C04F79EFBC}") = "Cipa.Infra.Data", "4 - Infra\4.2 - Data\Cipa.Infra.Data\Cipa.Infra.Data.csproj", "{E5F055AE-D12A-493E-BCF5-7A375A0448AE}"
EndProject
Project("{FAE04EC0-301F-11D3-BF4B-00C04F79EFBC}") = "Cipa.Domain.Test", "3 - Domain\Cipa.Domain.Test\Cipa.Domain.Test.csproj", "{1584630A-F8C3-49AC-8F22-6C88AE425EED}"
EndProject
Project("{FAE04EC0-301F-11D3-BF4B-00C04F79EFBC}") = "Cipa.Application.Test", "2 - Application\Cipa.Application.Test\Cipa.Application.Test.csproj", "{896460D4-EB6E-48AE-8C71-05A2463C34B1}"
EndProject
Project("{2150E333-8FDC-42A3-9474-1A3956D46DE8}") = "1 - Services", "1 - Services", "{8DB84A54-88C4-4E84-BF0A-25B743478D03}"
EndProject
Project("{FAE04EC0-301F-11D3-BF4B-00C04F79EFBC}") = "Cipa.Services", "1 - Services\Cipa.Services\Cipa.Services.csproj", "{F9B45961-64E7-42FB-A1CE-8A8C546F3495}"
EndProject
Global
	GlobalSection(SolutionConfigurationPlatforms) = preSolution
		Debug|Any CPU = Debug|Any CPU
		Debug|x64 = Debug|x64
		Debug|x86 = Debug|x86
		Release|Any CPU = Release|Any CPU
		Release|x64 = Release|x64
		Release|x86 = Release|x86
	EndGlobalSection
	GlobalSection(SolutionProperties) = preSolution
		HideSolutionNode = FALSE
	EndGlobalSection
	GlobalSection(ProjectConfigurationPlatforms) = postSolution
		{0C53F09A-D6BE-4899-88F4-8D5DCE7E9984}.Debug|Any CPU.ActiveCfg = Debug|Any CPU
		{0C53F09A-D6BE-4899-88F4-8D5DCE7E9984}.Debug|Any CPU.Build.0 = Debug|Any CPU
		{0C53F09A-D6BE-4899-88F4-8D5DCE7E9984}.Debug|x64.ActiveCfg = Debug|Any CPU
		{0C53F09A-D6BE-4899-88F4-8D5DCE7E9984}.Debug|x64.Build.0 = Debug|Any CPU
		{0C53F09A-D6BE-4899-88F4-8D5DCE7E9984}.Debug|x86.ActiveCfg = Debug|Any CPU
		{0C53F09A-D6BE-4899-88F4-8D5DCE7E9984}.Debug|x86.Build.0 = Debug|Any CPU
		{0C53F09A-D6BE-4899-88F4-8D5DCE7E9984}.Release|Any CPU.ActiveCfg = Release|Any CPU
		{0C53F09A-D6BE-4899-88F4-8D5DCE7E9984}.Release|Any CPU.Build.0 = Release|Any CPU
		{0C53F09A-D6BE-4899-88F4-8D5DCE7E9984}.Release|x64.ActiveCfg = Release|Any CPU
		{0C53F09A-D6BE-4899-88F4-8D5DCE7E9984}.Release|x64.Build.0 = Release|Any CPU
		{0C53F09A-D6BE-4899-88F4-8D5DCE7E9984}.Release|x86.ActiveCfg = Release|Any CPU
		{0C53F09A-D6BE-4899-88F4-8D5DCE7E9984}.Release|x86.Build.0 = Release|Any CPU
		{FF84A133-DCAA-453D-A11B-F30D5BBC184D}.Debug|Any CPU.ActiveCfg = Debug|Any CPU
		{FF84A133-DCAA-453D-A11B-F30D5BBC184D}.Debug|Any CPU.Build.0 = Debug|Any CPU
		{FF84A133-DCAA-453D-A11B-F30D5BBC184D}.Debug|x64.ActiveCfg = Debug|Any CPU
		{FF84A133-DCAA-453D-A11B-F30D5BBC184D}.Debug|x64.Build.0 = Debug|Any CPU
		{FF84A133-DCAA-453D-A11B-F30D5BBC184D}.Debug|x86.ActiveCfg = Debug|Any CPU
		{FF84A133-DCAA-453D-A11B-F30D5BBC184D}.Debug|x86.Build.0 = Debug|Any CPU
		{FF84A133-DCAA-453D-A11B-F30D5BBC184D}.Release|Any CPU.ActiveCfg = Release|Any CPU
		{FF84A133-DCAA-453D-A11B-F30D5BBC184D}.Release|Any CPU.Build.0 = Release|Any CPU
		{FF84A133-DCAA-453D-A11B-F30D5BBC184D}.Release|x64.ActiveCfg = Release|Any CPU
		{FF84A133-DCAA-453D-A11B-F30D5BBC184D}.Release|x64.Build.0 = Release|Any CPU
		{FF84A133-DCAA-453D-A11B-F30D5BBC184D}.Release|x86.ActiveCfg = Release|Any CPU
		{FF84A133-DCAA-453D-A11B-F30D5BBC184D}.Release|x86.Build.0 = Release|Any CPU
		{842472C0-2FB7-4CD8-A7AB-87A7939F1134}.Debug|Any CPU.ActiveCfg = Debug|Any CPU
		{842472C0-2FB7-4CD8-A7AB-87A7939F1134}.Debug|Any CPU.Build.0 = Debug|Any CPU
		{842472C0-2FB7-4CD8-A7AB-87A7939F1134}.Debug|x64.ActiveCfg = Debug|Any CPU
		{842472C0-2FB7-4CD8-A7AB-87A7939F1134}.Debug|x64.Build.0 = Debug|Any CPU
		{842472C0-2FB7-4CD8-A7AB-87A7939F1134}.Debug|x86.ActiveCfg = Debug|Any CPU
		{842472C0-2FB7-4CD8-A7AB-87A7939F1134}.Debug|x86.Build.0 = Debug|Any CPU
		{842472C0-2FB7-4CD8-A7AB-87A7939F1134}.Release|Any CPU.ActiveCfg = Release|Any CPU
		{842472C0-2FB7-4CD8-A7AB-87A7939F1134}.Release|Any CPU.Build.0 = Release|Any CPU
		{842472C0-2FB7-4CD8-A7AB-87A7939F1134}.Release|x64.ActiveCfg = Release|Any CPU
		{842472C0-2FB7-4CD8-A7AB-87A7939F1134}.Release|x64.Build.0 = Release|Any CPU
		{842472C0-2FB7-4CD8-A7AB-87A7939F1134}.Release|x86.ActiveCfg = Release|Any CPU
		{842472C0-2FB7-4CD8-A7AB-87A7939F1134}.Release|x86.Build.0 = Release|Any CPU
		{E5F055AE-D12A-493E-BCF5-7A375A0448AE}.Debug|Any CPU.ActiveCfg = Debug|Any CPU
		{E5F055AE-D12A-493E-BCF5-7A375A0448AE}.Debug|Any CPU.Build.0 = Debug|Any CPU
		{E5F055AE-D12A-493E-BCF5-7A375A0448AE}.Debug|x64.ActiveCfg = Debug|Any CPU
		{E5F055AE-D12A-493E-BCF5-7A375A0448AE}.Debug|x64.Build.0 = Debug|Any CPU
		{E5F055AE-D12A-493E-BCF5-7A375A0448AE}.Debug|x86.ActiveCfg = Debug|Any CPU
		{E5F055AE-D12A-493E-BCF5-7A375A0448AE}.Debug|x86.Build.0 = Debug|Any CPU
		{E5F055AE-D12A-493E-BCF5-7A375A0448AE}.Release|Any CPU.ActiveCfg = Release|Any CPU
		{E5F055AE-D12A-493E-BCF5-7A375A0448AE}.Release|Any CPU.Build.0 = Release|Any CPU
		{E5F055AE-D12A-493E-BCF5-7A375A0448AE}.Release|x64.ActiveCfg = Release|Any CPU
		{E5F055AE-D12A-493E-BCF5-7A375A0448AE}.Release|x64.Build.0 = Release|Any CPU
		{E5F055AE-D12A-493E-BCF5-7A375A0448AE}.Release|x86.ActiveCfg = Release|Any CPU
		{E5F055AE-D12A-493E-BCF5-7A375A0448AE}.Release|x86.Build.0 = Release|Any CPU
		{1584630A-F8C3-49AC-8F22-6C88AE425EED}.Debug|Any CPU.ActiveCfg = Debug|Any CPU
		{1584630A-F8C3-49AC-8F22-6C88AE425EED}.Debug|Any CPU.Build.0 = Debug|Any CPU
		{1584630A-F8C3-49AC-8F22-6C88AE425EED}.Debug|x64.ActiveCfg = Debug|Any CPU
		{1584630A-F8C3-49AC-8F22-6C88AE425EED}.Debug|x64.Build.0 = Debug|Any CPU
		{1584630A-F8C3-49AC-8F22-6C88AE425EED}.Debug|x86.ActiveCfg = Debug|Any CPU
		{1584630A-F8C3-49AC-8F22-6C88AE425EED}.Debug|x86.Build.0 = Debug|Any CPU
		{1584630A-F8C3-49AC-8F22-6C88AE425EED}.Release|Any CPU.ActiveCfg = Release|Any CPU
		{1584630A-F8C3-49AC-8F22-6C88AE425EED}.Release|Any CPU.Build.0 = Release|Any CPU
		{1584630A-F8C3-49AC-8F22-6C88AE425EED}.Release|x64.ActiveCfg = Release|Any CPU
		{1584630A-F8C3-49AC-8F22-6C88AE425EED}.Release|x64.Build.0 = Release|Any CPU
		{1584630A-F8C3-49AC-8F22-6C88AE425EED}.Release|x86.ActiveCfg = Release|Any CPU
		{1584630A-F8C3-49AC-8F22-6C88AE425EED}.Release|x86.Build.0 = Release|Any CPU
		{896460D4-EB6E-48AE-8C71-05A2463C34B1}.Debug|Any CPU.ActiveCfg = Debug|Any CPU
		{896460D4-EB6E-48AE-8C71-05A2463C34B1}.Debug|Any CPU.Build.0 = Debug|Any CPU
		{896460D4-EB6E-48AE-8C71-05A2463C34B1}.Debug|x64.ActiveCfg = Debug|Any CPU
		{896460D4-EB6E-48AE-8C71-05A2463C34B1}.Debug|x64.Build.0 = Debug|Any CPU
		{896460D4-EB6E-48AE-8C71-05A2463C34B1}.Debug|x86.ActiveCfg = Debug|Any CPU
		{896460D4-EB6E-48AE-8C71-05A2463C34B1}.Debug|x86.Build.0 = Debug|Any CPU
		{896460D4-EB6E-48AE-8C71-05A2463C34B1}.Release|Any CPU.ActiveCfg = Release|Any CPU
		{896460D4-EB6E-48AE-8C71-05A2463C34B1}.Release|Any CPU.Build.0 = Release|Any CPU
		{896460D4-EB6E-48AE-8C71-05A2463C34B1}.Release|x64.ActiveCfg = Release|Any CPU
		{896460D4-EB6E-48AE-8C71-05A2463C34B1}.Release|x64.Build.0 = Release|Any CPU
		{896460D4-EB6E-48AE-8C71-05A2463C34B1}.Release|x86.ActiveCfg = Release|Any CPU
		{896460D4-EB6E-48AE-8C71-05A2463C34B1}.Release|x86.Build.0 = Release|Any CPU
		{F9B45961-64E7-42FB-A1CE-8A8C546F3495}.Debug|Any CPU.ActiveCfg = Debug|Any CPU
		{F9B45961-64E7-42FB-A1CE-8A8C546F3495}.Debug|Any CPU.Build.0 = Debug|Any CPU
		{F9B45961-64E7-42FB-A1CE-8A8C546F3495}.Debug|x64.ActiveCfg = Debug|Any CPU
		{F9B45961-64E7-42FB-A1CE-8A8C546F3495}.Debug|x64.Build.0 = Debug|Any CPU
		{F9B45961-64E7-42FB-A1CE-8A8C546F3495}.Debug|x86.ActiveCfg = Debug|Any CPU
		{F9B45961-64E7-42FB-A1CE-8A8C546F3495}.Debug|x86.Build.0 = Debug|Any CPU
		{F9B45961-64E7-42FB-A1CE-8A8C546F3495}.Release|Any CPU.ActiveCfg = Release|Any CPU
		{F9B45961-64E7-42FB-A1CE-8A8C546F3495}.Release|Any CPU.Build.0 = Release|Any CPU
		{F9B45961-64E7-42FB-A1CE-8A8C546F3495}.Release|x64.ActiveCfg = Release|Any CPU
		{F9B45961-64E7-42FB-A1CE-8A8C546F3495}.Release|x64.Build.0 = Release|Any CPU
		{F9B45961-64E7-42FB-A1CE-8A8C546F3495}.Release|x86.ActiveCfg = Release|Any CPU
		{F9B45961-64E7-42FB-A1CE-8A8C546F3495}.Release|x86.Build.0 = Release|Any CPU
	EndGlobalSection
	GlobalSection(NestedProjects) = preSolution
		{0C53F09A-D6BE-4899-88F4-8D5DCE7E9984} = {1F9E55E0-C085-4549-929F-676363EC4BAA}
		{FF84A133-DCAA-453D-A11B-F30D5BBC184D} = {656F3822-C0CB-44F4-B67C-59555902B1E4}
		{842472C0-2FB7-4CD8-A7AB-87A7939F1134} = {2FE11569-E19A-4A6E-A302-158C042B3F41}
		{0EFA672B-4583-4A66-8284-A523C5CB7B89} = {90479AF8-0458-479B-9BD3-9B240C9EE0D1}
		{E5F055AE-D12A-493E-BCF5-7A375A0448AE} = {0EFA672B-4583-4A66-8284-A523C5CB7B89}
		{1584630A-F8C3-49AC-8F22-6C88AE425EED} = {2FE11569-E19A-4A6E-A302-158C042B3F41}
		{896460D4-EB6E-48AE-8C71-05A2463C34B1} = {656F3822-C0CB-44F4-B67C-59555902B1E4}
		{F9B45961-64E7-42FB-A1CE-8A8C546F3495} = {8DB84A54-88C4-4E84-BF0A-25B743478D03}
	EndGlobalSection
EndGlobal
