
Microsoft Visual Studio Solution File, Format Version 12.00
# Visual Studio Version 16
VisualStudioVersion = 16.0.29519.87
MinimumVisualStudioVersion = 15.0.26124.0
Project("{2150E333-8FDC-42A3-9474-1A3956D46DE8}") = "2 - Application", "2 - Application", "{656F3822-C0CB-44F4-B67C-59555902B1E4}"
EndProject
Project("{9A19103F-16F7-4668-BE54-9A1E7A4F7556}") = "Cipa.Application", "2 - Application\Cipa.Application\Cipa.Application.csproj", "{FF84A133-DCAA-453D-A11B-F30D5BBC184D}"
EndProject
Project("{2150E333-8FDC-42A3-9474-1A3956D46DE8}") = "3 - Domain", "3 - Domain", "{2FE11569-E19A-4A6E-A302-158C042B3F41}"
EndProject
Project("{9A19103F-16F7-4668-BE54-9A1E7A4F7556}") = "Cipa.Domain", "3 - Domain\Cipa.Domain\Cipa.Domain.csproj", "{842472C0-2FB7-4CD8-A7AB-87A7939F1134}"
EndProject
Project("{2150E333-8FDC-42A3-9474-1A3956D46DE8}") = "4 - Infra", "4 - Infra", "{90479AF8-0458-479B-9BD3-9B240C9EE0D1}"
EndProject
Project("{2150E333-8FDC-42A3-9474-1A3956D46DE8}") = "4.2 - Data", "4.2 - Data", "{0EFA672B-4583-4A66-8284-A523C5CB7B89}"
EndProject
Project("{9A19103F-16F7-4668-BE54-9A1E7A4F7556}") = "Cipa.Infra.Data", "4 - Infra\4.2 - Data\Cipa.Infra.Data\Cipa.Infra.Data.csproj", "{E5F055AE-D12A-493E-BCF5-7A375A0448AE}"
EndProject
Project("{9A19103F-16F7-4668-BE54-9A1E7A4F7556}") = "Cipa.Domain.Test", "3 - Domain\Cipa.Domain.Test\Cipa.Domain.Test.csproj", "{1584630A-F8C3-49AC-8F22-6C88AE425EED}"
EndProject
Project("{2150E333-8FDC-42A3-9474-1A3956D46DE8}") = "1 - WebApi", "1 - WebApi", "{F18B51E3-5133-45D5-A21E-C9819A0DBE8A}"
EndProject
Project("{FAE04EC0-301F-11D3-BF4B-00C04F79EFBC}") = "Cipa.WebApi", "1 - WebApi\Cipa.WebApi\Cipa.WebApi.csproj", "{7573429F-0C34-489F-8D67-F9714850A139}"
EndProject
Global
	GlobalSection(SolutionConfigurationPlatforms) = preSolution
		Debug|Any CPU = Debug|Any CPU
		Debug|x64 = Debug|x64
		Debug|x86 = Debug|x86
		Release|Any CPU = Release|Any CPU
		Release|x64 = Release|x64
		Release|x86 = Release|x86
	EndGlobalSection
	GlobalSection(ProjectConfigurationPlatforms) = postSolution
		{0C53F09A-D6BE-4899-88F4-8D5DCE7E9984}.Debug|Any CPU.ActiveCfg = Debug|Any CPU
		{0C53F09A-D6BE-4899-88F4-8D5DCE7E9984}.Debug|Any CPU.Build.0 = Debug|Any CPU
		{0C53F09A-D6BE-4899-88F4-8D5DCE7E9984}.Debug|x64.ActiveCfg = Debug|Any CPU
		{0C53F09A-D6BE-4899-88F4-8D5DCE7E9984}.Debug|x64.Build.0 = Debug|Any CPU
		{0C53F09A-D6BE-4899-88F4-8D5DCE7E9984}.Debug|x86.ActiveCfg = Debug|Any CPU
		{0C53F09A-D6BE-4899-88F4-8D5DCE7E9984}.Debug|x86.Build.0 = Debug|Any CPU
		{0C53F09A-D6BE-4899-88F4-8D5DCE7E9984}.Release|Any CPU.ActiveCfg = Release|Any CPU
		{0C53F09A-D6BE-4899-88F4-8D5DCE7E9984}.Release|Any CPU.Build.0 = Release|Any CPU
		{0C53F09A-D6BE-4899-88F4-8D5DCE7E9984}.Release|x64.ActiveCfg = Release|Any CPU
		{0C53F09A-D6BE-4899-88F4-8D5DCE7E9984}.Release|x64.Build.0 = Release|Any CPU
		{0C53F09A-D6BE-4899-88F4-8D5DCE7E9984}.Release|x86.ActiveCfg = Release|Any CPU
		{0C53F09A-D6BE-4899-88F4-8D5DCE7E9984}.Release|x86.Build.0 = Release|Any CPU
		{FF84A133-DCAA-453D-A11B-F30D5BBC184D}.Debug|Any CPU.ActiveCfg = Debug|Any CPU
		{FF84A133-DCAA-453D-A11B-F30D5BBC184D}.Debug|Any CPU.Build.0 = Debug|Any CPU
		{FF84A133-DCAA-453D-A11B-F30D5BBC184D}.Debug|x64.ActiveCfg = Debug|Any CPU
		{FF84A133-DCAA-453D-A11B-F30D5BBC184D}.Debug|x64.Build.0 = Debug|Any CPU
		{FF84A133-DCAA-453D-A11B-F30D5BBC184D}.Debug|x86.ActiveCfg = Debug|Any CPU
		{FF84A133-DCAA-453D-A11B-F30D5BBC184D}.Debug|x86.Build.0 = Debug|Any CPU
		{FF84A133-DCAA-453D-A11B-F30D5BBC184D}.Release|Any CPU.ActiveCfg = Release|Any CPU
		{FF84A133-DCAA-453D-A11B-F30D5BBC184D}.Release|Any CPU.Build.0 = Release|Any CPU
		{FF84A133-DCAA-453D-A11B-F30D5BBC184D}.Release|x64.ActiveCfg = Release|Any CPU
		{FF84A133-DCAA-453D-A11B-F30D5BBC184D}.Release|x64.Build.0 = Release|Any CPU
		{FF84A133-DCAA-453D-A11B-F30D5BBC184D}.Release|x86.ActiveCfg = Release|Any CPU
		{FF84A133-DCAA-453D-A11B-F30D5BBC184D}.Release|x86.Build.0 = Release|Any CPU
		{842472C0-2FB7-4CD8-A7AB-87A7939F1134}.Debug|Any CPU.ActiveCfg = Debug|Any CPU
		{842472C0-2FB7-4CD8-A7AB-87A7939F1134}.Debug|Any CPU.Build.0 = Debug|Any CPU
		{842472C0-2FB7-4CD8-A7AB-87A7939F1134}.Debug|x64.ActiveCfg = Debug|Any CPU
		{842472C0-2FB7-4CD8-A7AB-87A7939F1134}.Debug|x64.Build.0 = Debug|Any CPU
		{842472C0-2FB7-4CD8-A7AB-87A7939F1134}.Debug|x86.ActiveCfg = Debug|Any CPU
		{842472C0-2FB7-4CD8-A7AB-87A7939F1134}.Debug|x86.Build.0 = Debug|Any CPU
		{842472C0-2FB7-4CD8-A7AB-87A7939F1134}.Release|Any CPU.ActiveCfg = Release|Any CPU
		{842472C0-2FB7-4CD8-A7AB-87A7939F1134}.Release|Any CPU.Build.0 = Release|Any CPU
		{842472C0-2FB7-4CD8-A7AB-87A7939F1134}.Release|x64.ActiveCfg = Release|Any CPU
		{842472C0-2FB7-4CD8-A7AB-87A7939F1134}.Release|x64.Build.0 = Release|Any CPU
		{842472C0-2FB7-4CD8-A7AB-87A7939F1134}.Release|x86.ActiveCfg = Release|Any CPU
		{842472C0-2FB7-4CD8-A7AB-87A7939F1134}.Release|x86.Build.0 = Release|Any CPU
		{E5F055AE-D12A-493E-BCF5-7A375A0448AE}.Debug|Any CPU.ActiveCfg = Debug|Any CPU
		{E5F055AE-D12A-493E-BCF5-7A375A0448AE}.Debug|Any CPU.Build.0 = Debug|Any CPU
		{E5F055AE-D12A-493E-BCF5-7A375A0448AE}.Debug|x64.ActiveCfg = Debug|Any CPU
		{E5F055AE-D12A-493E-BCF5-7A375A0448AE}.Debug|x64.Build.0 = Debug|Any CPU
		{E5F055AE-D12A-493E-BCF5-7A375A0448AE}.Debug|x86.ActiveCfg = Debug|Any CPU
		{E5F055AE-D12A-493E-BCF5-7A375A0448AE}.Debug|x86.Build.0 = Debug|Any CPU
		{E5F055AE-D12A-493E-BCF5-7A375A0448AE}.Release|Any CPU.ActiveCfg = Release|Any CPU
		{E5F055AE-D12A-493E-BCF5-7A375A0448AE}.Release|Any CPU.Build.0 = Release|Any CPU
		{E5F055AE-D12A-493E-BCF5-7A375A0448AE}.Release|x64.ActiveCfg = Release|Any CPU
		{E5F055AE-D12A-493E-BCF5-7A375A0448AE}.Release|x64.Build.0 = Release|Any CPU
		{E5F055AE-D12A-493E-BCF5-7A375A0448AE}.Release|x86.ActiveCfg = Release|Any CPU
		{E5F055AE-D12A-493E-BCF5-7A375A0448AE}.Release|x86.Build.0 = Release|Any CPU
		{1584630A-F8C3-49AC-8F22-6C88AE425EED}.Debug|Any CPU.ActiveCfg = Debug|Any CPU
		{1584630A-F8C3-49AC-8F22-6C88AE425EED}.Debug|Any CPU.Build.0 = Debug|Any CPU
		{1584630A-F8C3-49AC-8F22-6C88AE425EED}.Debug|x64.ActiveCfg = Debug|Any CPU
		{1584630A-F8C3-49AC-8F22-6C88AE425EED}.Debug|x64.Build.0 = Debug|Any CPU
		{1584630A-F8C3-49AC-8F22-6C88AE425EED}.Debug|x86.ActiveCfg = Debug|Any CPU
		{1584630A-F8C3-49AC-8F22-6C88AE425EED}.Debug|x86.Build.0 = Debug|Any CPU
		{1584630A-F8C3-49AC-8F22-6C88AE425EED}.Release|Any CPU.ActiveCfg = Release|Any CPU
		{1584630A-F8C3-49AC-8F22-6C88AE425EED}.Release|Any CPU.Build.0 = Release|Any CPU
		{1584630A-F8C3-49AC-8F22-6C88AE425EED}.Release|x64.ActiveCfg = Release|Any CPU
		{1584630A-F8C3-49AC-8F22-6C88AE425EED}.Release|x64.Build.0 = Release|Any CPU
		{1584630A-F8C3-49AC-8F22-6C88AE425EED}.Release|x86.ActiveCfg = Release|Any CPU
		{1584630A-F8C3-49AC-8F22-6C88AE425EED}.Release|x86.Build.0 = Release|Any CPU
		{7573429F-0C34-489F-8D67-F9714850A139}.Debug|Any CPU.ActiveCfg = Debug|Any CPU
		{7573429F-0C34-489F-8D67-F9714850A139}.Debug|Any CPU.Build.0 = Debug|Any CPU
		{7573429F-0C34-489F-8D67-F9714850A139}.Debug|x64.ActiveCfg = Debug|Any CPU
		{7573429F-0C34-489F-8D67-F9714850A139}.Debug|x64.Build.0 = Debug|Any CPU
		{7573429F-0C34-489F-8D67-F9714850A139}.Debug|x86.ActiveCfg = Debug|Any CPU
		{7573429F-0C34-489F-8D67-F9714850A139}.Debug|x86.Build.0 = Debug|Any CPU
		{7573429F-0C34-489F-8D67-F9714850A139}.Release|Any CPU.ActiveCfg = Release|Any CPU
		{7573429F-0C34-489F-8D67-F9714850A139}.Release|Any CPU.Build.0 = Release|Any CPU
		{7573429F-0C34-489F-8D67-F9714850A139}.Release|x64.ActiveCfg = Release|Any CPU
		{7573429F-0C34-489F-8D67-F9714850A139}.Release|x64.Build.0 = Release|Any CPU
		{7573429F-0C34-489F-8D67-F9714850A139}.Release|x86.ActiveCfg = Release|Any CPU
		{7573429F-0C34-489F-8D67-F9714850A139}.Release|x86.Build.0 = Release|Any CPU
	EndGlobalSection
	GlobalSection(SolutionProperties) = preSolution
		HideSolutionNode = FALSE
	EndGlobalSection
	GlobalSection(NestedProjects) = preSolution
		{FF84A133-DCAA-453D-A11B-F30D5BBC184D} = {656F3822-C0CB-44F4-B67C-59555902B1E4}
		{842472C0-2FB7-4CD8-A7AB-87A7939F1134} = {2FE11569-E19A-4A6E-A302-158C042B3F41}
		{0EFA672B-4583-4A66-8284-A523C5CB7B89} = {90479AF8-0458-479B-9BD3-9B240C9EE0D1}
		{E5F055AE-D12A-493E-BCF5-7A375A0448AE} = {0EFA672B-4583-4A66-8284-A523C5CB7B89}
		{1584630A-F8C3-49AC-8F22-6C88AE425EED} = {2FE11569-E19A-4A6E-A302-158C042B3F41}
		{7573429F-0C34-489F-8D67-F9714850A139} = {F18B51E3-5133-45D5-A21E-C9819A0DBE8A}
	EndGlobalSection
	GlobalSection(ExtensibilityGlobals) = postSolution
		SolutionGuid = {312EC603-EA89-48EB-8B0A-1A054215B073}
	EndGlobalSection
EndGlobal
